// !$*UTF8*$!
{
	archiveVersion = 1;
	classes = {
	};
	objectVersion = 52;
	objects = {

/* Begin PBXBuildFile section */
		FAEF25B925D8A6D8002A6F7A /* PlayCoverApp.swift in Sources */ = {isa = PBXBuildFile; fileRef = FAEF25B825D8A6D8002A6F7A /* PlayCoverApp.swift */; };
		FAEF25BD25D8A6D9002A6F7A /* Assets.xcassets in Resources */ = {isa = PBXBuildFile; fileRef = FAEF25BC25D8A6D9002A6F7A /* Assets.xcassets */; };
		FAEF25C025D8A6D9002A6F7A /* Preview Assets.xcassets in Resources */ = {isa = PBXBuildFile; fileRef = FAEF25BF25D8A6D9002A6F7A /* Preview Assets.xcassets */; };
		FAEF25CB25D8A70A002A6F7A /* GameScene.swift in Sources */ = {isa = PBXBuildFile; fileRef = FAEF25C925D8A70A002A6F7A /* GameScene.swift */; };
		FAEF25CC25D8A70A002A6F7A /* Controller.swift in Sources */ = {isa = PBXBuildFile; fileRef = FAEF25CA25D8A70A002A6F7A /* Controller.swift */; };
		FAEF25D025D8A738002A6F7A /* HotKey in Frameworks */ = {isa = PBXBuildFile; productRef = FAEF25CF25D8A738002A6F7A /* HotKey */; };
/* End PBXBuildFile section */

/* Begin PBXFileReference section */
		FAEF25B525D8A6D8002A6F7A /* PlayCover.app */ = {isa = PBXFileReference; explicitFileType = wrapper.application; includeInIndex = 0; path = PlayCover.app; sourceTree = BUILT_PRODUCTS_DIR; };
		FAEF25B825D8A6D8002A6F7A /* PlayCoverApp.swift */ = {isa = PBXFileReference; lastKnownFileType = sourcecode.swift; path = PlayCoverApp.swift; sourceTree = "<group>"; };
		FAEF25BC25D8A6D9002A6F7A /* Assets.xcassets */ = {isa = PBXFileReference; lastKnownFileType = folder.assetcatalog; path = Assets.xcassets; sourceTree = "<group>"; };
		FAEF25BF25D8A6D9002A6F7A /* Preview Assets.xcassets */ = {isa = PBXFileReference; lastKnownFileType = folder.assetcatalog; path = "Preview Assets.xcassets"; sourceTree = "<group>"; };
		FAEF25C125D8A6D9002A6F7A /* Info.plist */ = {isa = PBXFileReference; lastKnownFileType = text.plist.xml; path = Info.plist; sourceTree = "<group>"; };
		FAEF25C225D8A6D9002A6F7A /* PlayCover.entitlements */ = {isa = PBXFileReference; lastKnownFileType = text.plist.entitlements; path = PlayCover.entitlements; sourceTree = "<group>"; };
		FAEF25C925D8A70A002A6F7A /* GameScene.swift */ = {isa = PBXFileReference; fileEncoding = 4; lastKnownFileType = sourcecode.swift; path = GameScene.swift; sourceTree = "<group>"; };
		FAEF25CA25D8A70A002A6F7A /* Controller.swift */ = {isa = PBXFileReference; fileEncoding = 4; lastKnownFileType = sourcecode.swift; path = Controller.swift; sourceTree = "<group>"; };
/* End PBXFileReference section */

/* Begin PBXFrameworksBuildPhase section */
		FAEF25B225D8A6D8002A6F7A /* Frameworks */ = {
			isa = PBXFrameworksBuildPhase;
			buildActionMask = 2147483647;
			files = (
				FAEF25D025D8A738002A6F7A /* HotKey in Frameworks */,
			);
			runOnlyForDeploymentPostprocessing = 0;
		};
/* End PBXFrameworksBuildPhase section */

/* Begin PBXGroup section */
		FAEF25AC25D8A6D8002A6F7A = {
			isa = PBXGroup;
			children = (
				FAEF25B725D8A6D8002A6F7A /* PlayCover */,
				FAEF25B625D8A6D8002A6F7A /* Products */,
			);
			sourceTree = "<group>";
		};
		FAEF25B625D8A6D8002A6F7A /* Products */ = {
			isa = PBXGroup;
			children = (
				FAEF25B525D8A6D8002A6F7A /* PlayCover.app */,
			);
			name = Products;
			sourceTree = "<group>";
		};
		FAEF25B725D8A6D8002A6F7A /* PlayCover */ = {
			isa = PBXGroup;
			children = (
				FAEF25CA25D8A70A002A6F7A /* Controller.swift */,
				FAEF25C925D8A70A002A6F7A /* GameScene.swift */,
				FAEF25B825D8A6D8002A6F7A /* PlayCoverApp.swift */,
				FAEF25BC25D8A6D9002A6F7A /* Assets.xcassets */,
				FAEF25C125D8A6D9002A6F7A /* Info.plist */,
				FAEF25C225D8A6D9002A6F7A /* PlayCover.entitlements */,
				FAEF25BE25D8A6D9002A6F7A /* Preview Content */,
			);
			path = PlayCover;
			sourceTree = "<group>";
		};
		FAEF25BE25D8A6D9002A6F7A /* Preview Content */ = {
			isa = PBXGroup;
			children = (
				FAEF25BF25D8A6D9002A6F7A /* Preview Assets.xcassets */,
			);
			path = "Preview Content";
			sourceTree = "<group>";
		};
/* End PBXGroup section */

/* Begin PBXNativeTarget section */
		FAEF25B425D8A6D8002A6F7A /* PlayCover */ = {
			isa = PBXNativeTarget;
			buildConfigurationList = FAEF25C525D8A6D9002A6F7A /* Build configuration list for PBXNativeTarget "PlayCover" */;
			buildPhases = (
				FAEF25B125D8A6D8002A6F7A /* Sources */,
				FAEF25B225D8A6D8002A6F7A /* Frameworks */,
				FAEF25B325D8A6D8002A6F7A /* Resources */,
			);
			buildRules = (
			);
			dependencies = (
			);
			name = PlayCover;
			packageProductDependencies = (
				FAEF25CF25D8A738002A6F7A /* HotKey */,
			);
			productName = PlayCover;
			productReference = FAEF25B525D8A6D8002A6F7A /* PlayCover.app */;
			productType = "com.apple.product-type.application";
		};
/* End PBXNativeTarget section */

/* Begin PBXProject section */
		FAEF25AD25D8A6D8002A6F7A /* Project object */ = {
			isa = PBXProject;
			attributes = {
				LastSwiftUpdateCheck = 1240;
				LastUpgradeCheck = 1240;
				TargetAttributes = {
					FAEF25B425D8A6D8002A6F7A = {
						CreatedOnToolsVersion = 12.4;
					};
				};
			};
			buildConfigurationList = FAEF25B025D8A6D8002A6F7A /* Build configuration list for PBXProject "PlayCover" */;
			compatibilityVersion = "Xcode 9.3";
			developmentRegion = en;
			hasScannedForEncodings = 0;
			knownRegions = (
				en,
				Base,
			);
			mainGroup = FAEF25AC25D8A6D8002A6F7A;
			packageReferences = (
				FAEF25CE25D8A738002A6F7A /* XCRemoteSwiftPackageReference "HotKey" */,
			);
			productRefGroup = FAEF25B625D8A6D8002A6F7A /* Products */;
			projectDirPath = "";
			projectRoot = "";
			targets = (
				FAEF25B425D8A6D8002A6F7A /* PlayCover */,
			);
		};
/* End PBXProject section */

/* Begin PBXResourcesBuildPhase section */
		FAEF25B325D8A6D8002A6F7A /* Resources */ = {
			isa = PBXResourcesBuildPhase;
			buildActionMask = 2147483647;
			files = (
				FAEF25C025D8A6D9002A6F7A /* Preview Assets.xcassets in Resources */,
				FAEF25BD25D8A6D9002A6F7A /* Assets.xcassets in Resources */,
			);
			runOnlyForDeploymentPostprocessing = 0;
		};
/* End PBXResourcesBuildPhase section */

/* Begin PBXSourcesBuildPhase section */
		FAEF25B125D8A6D8002A6F7A /* Sources */ = {
			isa = PBXSourcesBuildPhase;
			buildActionMask = 2147483647;
			files = (
				FAEF25CB25D8A70A002A6F7A /* GameScene.swift in Sources */,
				FAEF25B925D8A6D8002A6F7A /* PlayCoverApp.swift in Sources */,
				FAEF25CC25D8A70A002A6F7A /* Controller.swift in Sources */,
			);
			runOnlyForDeploymentPostprocessing = 0;
		};
/* End PBXSourcesBuildPhase section */

/* Begin XCBuildConfiguration section */
		FAEF25C325D8A6D9002A6F7A /* Debug */ = {
			isa = XCBuildConfiguration;
			buildSettings = {
				ALWAYS_SEARCH_USER_PATHS = NO;
				CLANG_ANALYZER_NONNULL = YES;
				CLANG_ANALYZER_NUMBER_OBJECT_CONVERSION = YES_AGGRESSIVE;
				CLANG_CXX_LANGUAGE_STANDARD = "gnu++14";
				CLANG_CXX_LIBRARY = "libc++";
				CLANG_ENABLE_MODULES = YES;
				CLANG_ENABLE_OBJC_ARC = YES;
				CLANG_ENABLE_OBJC_WEAK = YES;
				CLANG_WARN_BLOCK_CAPTURE_AUTORELEASING = YES;
				CLANG_WARN_BOOL_CONVERSION = YES;
				CLANG_WARN_COMMA = YES;
				CLANG_WARN_CONSTANT_CONVERSION = YES;
				CLANG_WARN_DEPRECATED_OBJC_IMPLEMENTATIONS = YES;
				CLANG_WARN_DIRECT_OBJC_ISA_USAGE = YES_ERROR;
				CLANG_WARN_DOCUMENTATION_COMMENTS = YES;
				CLANG_WARN_EMPTY_BODY = YES;
				CLANG_WARN_ENUM_CONVERSION = YES;
				CLANG_WARN_INFINITE_RECURSION = YES;
				CLANG_WARN_INT_CONVERSION = YES;
				CLANG_WARN_NON_LITERAL_NULL_CONVERSION = YES;
				CLANG_WARN_OBJC_IMPLICIT_RETAIN_SELF = YES;
				CLANG_WARN_OBJC_LITERAL_CONVERSION = YES;
				CLANG_WARN_OBJC_ROOT_CLASS = YES_ERROR;
				CLANG_WARN_QUOTED_INCLUDE_IN_FRAMEWORK_HEADER = YES;
				CLANG_WARN_RANGE_LOOP_ANALYSIS = YES;
				CLANG_WARN_STRICT_PROTOTYPES = YES;
				CLANG_WARN_SUSPICIOUS_MOVE = YES;
				CLANG_WARN_UNGUARDED_AVAILABILITY = YES_AGGRESSIVE;
				CLANG_WARN_UNREACHABLE_CODE = YES;
				CLANG_WARN__DUPLICATE_METHOD_MATCH = YES;
				COPY_PHASE_STRIP = NO;
				DEBUG_INFORMATION_FORMAT = dwarf;
				ENABLE_STRICT_OBJC_MSGSEND = YES;
				ENABLE_TESTABILITY = YES;
				GCC_C_LANGUAGE_STANDARD = gnu11;
				GCC_DYNAMIC_NO_PIC = NO;
				GCC_NO_COMMON_BLOCKS = YES;
				GCC_OPTIMIZATION_LEVEL = 0;
				GCC_PREPROCESSOR_DEFINITIONS = (
					"DEBUG=1",
					"$(inherited)",
				);
				GCC_WARN_64_TO_32_BIT_CONVERSION = YES;
				GCC_WARN_ABOUT_RETURN_TYPE = YES_ERROR;
				GCC_WARN_UNDECLARED_SELECTOR = YES;
				GCC_WARN_UNINITIALIZED_AUTOS = YES_AGGRESSIVE;
				GCC_WARN_UNUSED_FUNCTION = YES;
				GCC_WARN_UNUSED_VARIABLE = YES;
				MACOSX_DEPLOYMENT_TARGET = 11.1;
				MTL_ENABLE_DEBUG_INFO = INCLUDE_SOURCE;
				MTL_FAST_MATH = YES;
				ONLY_ACTIVE_ARCH = YES;
				SDKROOT = macosx;
				SWIFT_ACTIVE_COMPILATION_CONDITIONS = DEBUG;
				SWIFT_OPTIMIZATION_LEVEL = "-Onone";
			};
			name = Debug;
		};
		FAEF25C425D8A6D9002A6F7A /* Release */ = {
			isa = XCBuildConfiguration;
			buildSettings = {
				ALWAYS_SEARCH_USER_PATHS = NO;
				CLANG_ANALYZER_NONNULL = YES;
				CLANG_ANALYZER_NUMBER_OBJECT_CONVERSION = YES_AGGRESSIVE;
				CLANG_CXX_LANGUAGE_STANDARD = "gnu++14";
				CLANG_CXX_LIBRARY = "libc++";
				CLANG_ENABLE_MODULES = YES;
				CLANG_ENABLE_OBJC_ARC = YES;
				CLANG_ENABLE_OBJC_WEAK = YES;
				CLANG_WARN_BLOCK_CAPTURE_AUTORELEASING = YES;
				CLANG_WARN_BOOL_CONVERSION = YES;
				CLANG_WARN_COMMA = YES;
				CLANG_WARN_CONSTANT_CONVERSION = YES;
				CLANG_WARN_DEPRECATED_OBJC_IMPLEMENTATIONS = YES;
				CLANG_WARN_DIRECT_OBJC_ISA_USAGE = YES_ERROR;
				CLANG_WARN_DOCUMENTATION_COMMENTS = YES;
				CLANG_WARN_EMPTY_BODY = YES;
				CLANG_WARN_ENUM_CONVERSION = YES;
				CLANG_WARN_INFINITE_RECURSION = YES;
				CLANG_WARN_INT_CONVERSION = YES;
				CLANG_WARN_NON_LITERAL_NULL_CONVERSION = YES;
				CLANG_WARN_OBJC_IMPLICIT_RETAIN_SELF = YES;
				CLANG_WARN_OBJC_LITERAL_CONVERSION = YES;
				CLANG_WARN_OBJC_ROOT_CLASS = YES_ERROR;
				CLANG_WARN_QUOTED_INCLUDE_IN_FRAMEWORK_HEADER = YES;
				CLANG_WARN_RANGE_LOOP_ANALYSIS = YES;
				CLANG_WARN_STRICT_PROTOTYPES = YES;
				CLANG_WARN_SUSPICIOUS_MOVE = YES;
				CLANG_WARN_UNGUARDED_AVAILABILITY = YES_AGGRESSIVE;
				CLANG_WARN_UNREACHABLE_CODE = YES;
				CLANG_WARN__DUPLICATE_METHOD_MATCH = YES;
				COPY_PHASE_STRIP = NO;
				DEBUG_INFORMATION_FORMAT = "dwarf-with-dsym";
				ENABLE_NS_ASSERTIONS = NO;
				ENABLE_STRICT_OBJC_MSGSEND = YES;
				GCC_C_LANGUAGE_STANDARD = gnu11;
				GCC_NO_COMMON_BLOCKS = YES;
				GCC_WARN_64_TO_32_BIT_CONVERSION = YES;
				GCC_WARN_ABOUT_RETURN_TYPE = YES_ERROR;
				GCC_WARN_UNDECLARED_SELECTOR = YES;
				GCC_WARN_UNINITIALIZED_AUTOS = YES_AGGRESSIVE;
				GCC_WARN_UNUSED_FUNCTION = YES;
				GCC_WARN_UNUSED_VARIABLE = YES;
				MACOSX_DEPLOYMENT_TARGET = 11.1;
				MTL_ENABLE_DEBUG_INFO = NO;
				MTL_FAST_MATH = YES;
				SDKROOT = macosx;
				SWIFT_COMPILATION_MODE = wholemodule;
				SWIFT_OPTIMIZATION_LEVEL = "-O";
			};
			name = Release;
		};
		FAEF25C625D8A6D9002A6F7A /* Debug */ = {
			isa = XCBuildConfiguration;
			buildSettings = {
				ASSETCATALOG_COMPILER_APPICON_NAME = AppIcon;
				ASSETCATALOG_COMPILER_GLOBAL_ACCENT_COLOR_NAME = AccentColor;
				CODE_SIGN_ENTITLEMENTS = PlayCover/PlayCover.entitlements;
				CODE_SIGN_STYLE = Automatic;
				COMBINE_HIDPI_IMAGES = YES;
				DEVELOPMENT_ASSET_PATHS = "\"PlayCover/Preview Content\"";
				DEVELOPMENT_TEAM = QKT93KWTW8;
				ENABLE_HARDENED_RUNTIME = YES;
				ENABLE_PREVIEWS = YES;
				INFOPLIST_FILE = PlayCover/Info.plist;
				LD_RUNPATH_SEARCH_PATHS = (
					"$(inherited)",
					"@executable_path/../Frameworks",
				);
				MACOSX_DEPLOYMENT_TARGET = 11.0;
				PRODUCT_BUNDLE_IDENTIFIER = keymap.controller.PlayCover;
				PRODUCT_NAME = "$(TARGET_NAME)";
				SWIFT_VERSION = 5.0;
			};
			name = Debug;
		};
		FAEF25C725D8A6D9002A6F7A /* Release */ = {
			isa = XCBuildConfiguration;
			buildSettings = {
				ASSETCATALOG_COMPILER_APPICON_NAME = AppIcon;
				ASSETCATALOG_COMPILER_GLOBAL_ACCENT_COLOR_NAME = AccentColor;
				CODE_SIGN_ENTITLEMENTS = PlayCover/PlayCover.entitlements;
				CODE_SIGN_STYLE = Automatic;
				COMBINE_HIDPI_IMAGES = YES;
				DEVELOPMENT_ASSET_PATHS = "\"PlayCover/Preview Content\"";
				DEVELOPMENT_TEAM = QKT93KWTW8;
				ENABLE_HARDENED_RUNTIME = YES;
				ENABLE_PREVIEWS = YES;
				INFOPLIST_FILE = PlayCover/Info.plist;
				LD_RUNPATH_SEARCH_PATHS = (
					"$(inherited)",
					"@executable_path/../Frameworks",
				);
				MACOSX_DEPLOYMENT_TARGET = 11.0;
				PRODUCT_BUNDLE_IDENTIFIER = keymap.controller.PlayCover;
				PRODUCT_NAME = "$(TARGET_NAME)";
				SWIFT_VERSION = 5.0;
			};
			name = Release;
		};
/* End XCBuildConfiguration section */

/* Begin XCConfigurationList section */
		FAEF25B025D8A6D8002A6F7A /* Build configuration list for PBXProject "PlayCover" */ = {
			isa = XCConfigurationList;
			buildConfigurations = (
				FAEF25C325D8A6D9002A6F7A /* Debug */,
				FAEF25C425D8A6D9002A6F7A /* Release */,
			);
			defaultConfigurationIsVisible = 0;
			defaultConfigurationName = Release;
		};
		FAEF25C525D8A6D9002A6F7A /* Build configuration list for PBXNativeTarget "PlayCover" */ = {
			isa = XCConfigurationList;
			buildConfigurations = (
				FAEF25C625D8A6D9002A6F7A /* Debug */,
				FAEF25C725D8A6D9002A6F7A /* Release */,
			);
			defaultConfigurationIsVisible = 0;
			defaultConfigurationName = Release;
		};
/* End XCConfigurationList section */

/* Begin XCRemoteSwiftPackageReference section */
		FAEF25CE25D8A738002A6F7A /* XCRemoteSwiftPackageReference "HotKey" */ = {
			isa = XCRemoteSwiftPackageReference;
			repositoryURL = "https://github.com/soffes/HotKey";
			requirement = {
				kind = upToNextMajorVersion;
				minimumVersion = 0.1.3;
			};
		};
/* End XCRemoteSwiftPackageReference section */

/* Begin XCSwiftPackageProductDependency section */
		FAEF25CF25D8A738002A6F7A /* HotKey */ = {
			isa = XCSwiftPackageProductDependency;
			package = FAEF25CE25D8A738002A6F7A /* XCRemoteSwiftPackageReference "HotKey" */;
			productName = HotKey;
		};
/* End XCSwiftPackageProductDependency section */
	};
	rootObject = FAEF25AD25D8A6D8002A6F7A /* Project object */;
}
